
Microsoft Visual Studio Solution File, Format Version 12.00
# Visual Studio Version 17
VisualStudioVersion = 17.5.002.0
MinimumVisualStudioVersion = 10.0.40219.1
Project("{9A19103F-16F7-4668-BE54-9A1E7A4F7556}") = "Projeto-1", "Projeto-1.csproj", "{B947F174-11A2-4DC2-960D-4B898DEF3E92}"
EndProject
Global
	GlobalSection(SolutionConfigurationPlatforms) = preSolution
		Debug|Any CPU = Debug|Any CPU
		Release|Any CPU = Release|Any CPU
	EndGlobalSection
	GlobalSection(ProjectConfigurationPlatforms) = postSolution
		{B947F174-11A2-4DC2-960D-4B898DEF3E92}.Debug|Any CPU.ActiveCfg = Debug|Any CPU
		{B947F174-11A2-4DC2-960D-4B898DEF3E92}.Debug|Any CPU.Build.0 = Debug|Any CPU
		{B947F174-11A2-4DC2-960D-4B898DEF3E92}.Release|Any CPU.ActiveCfg = Release|Any CPU
		{B947F174-11A2-4DC2-960D-4B898DEF3E92}.Release|Any CPU.Build.0 = Release|Any CPU
	EndGlobalSection
	GlobalSection(SolutionProperties) = preSolution
		HideSolutionNode = FALSE
	EndGlobalSection
	GlobalSection(ExtensibilityGlobals) = postSolution
		SolutionGuid = {5B16D39C-7C80-4162-A5AF-3A52F5A9AA0A}
	EndGlobalSection
EndGlobal
